schema: '2.0'
stages:
  fetch:
    cmd: python src/fetch_news.py
    outs:
    - path: data/news.json
      hash: md5
      md5: 859fcf67dd90fb8b9d21217af41d1d11
      size: 23721
  upload:
    cmd: python src/upload_firebase.py
    deps:
    - path: data/news.json
      hash: md5
      md5: 859fcf67dd90fb8b9d21217af41d1d11
      size: 23721
