schema: '2.0'
stages:
  fetch:
    cmd: python src/fetch_news.py
    outs:
    - path: data/news.json
      hash: md5
      md5: cdcc834f8150610c3787493ee218667d
      size: 21714
  upload:
    cmd: python src/upload_firebase.py
    deps:
    - path: data/news.json
      hash: md5
      md5: cdcc834f8150610c3787493ee218667d
      size: 21714
